// !$*UTF8*$!
{
	archiveVersion = 1;
	classes = {
	};
	objectVersion = 56;
	objects = {

/* Begin PBXBuildFile section */
		DA0764A529B5FA3200C96283 /* FruitsApp.swift in Sources */ = {isa = PBXBuildFile; fileRef = DA0764A429B5FA3200C96283 /* FruitsApp.swift */; };
		DA0764A729B5FA3200C96283 /* ContentView.swift in Sources */ = {isa = PBXBuildFile; fileRef = DA0764A629B5FA3200C96283 /* ContentView.swift */; };
		DA0764A929B5FA3500C96283 /* Assets.xcassets in Resources */ = {isa = PBXBuildFile; fileRef = DA0764A829B5FA3500C96283 /* Assets.xcassets */; };
		DA0764AC29B5FA3500C96283 /* Preview Assets.xcassets in Resources */ = {isa = PBXBuildFile; fileRef = DA0764AB29B5FA3500C96283 /* Preview Assets.xcassets */; };
		DA0764B529B5FF7A00C96283 /* FruitCardView.swift in Sources */ = {isa = PBXBuildFile; fileRef = DA0764B429B5FF7A00C96283 /* FruitCardView.swift */; };
		DA0764B729B603A600C96283 /* StartButtonView.swift in Sources */ = {isa = PBXBuildFile; fileRef = DA0764B629B603A600C96283 /* StartButtonView.swift */; };
		DA0764B929B6072900C96283 /* OnboardingView.swift in Sources */ = {isa = PBXBuildFile; fileRef = DA0764B829B6072900C96283 /* OnboardingView.swift */; };
		DA0764BC29B608BB00C96283 /* FruitModel.swift in Sources */ = {isa = PBXBuildFile; fileRef = DA0764BB29B608BB00C96283 /* FruitModel.swift */; };
		DA0764BF29B6099F00C96283 /* FruitData.swift in Sources */ = {isa = PBXBuildFile; fileRef = DA0764BE29B6099F00C96283 /* FruitData.swift */; };
		DA0764C129B6116000C96283 /* FruitRowView.swift in Sources */ = {isa = PBXBuildFile; fileRef = DA0764C029B6116000C96283 /* FruitRowView.swift */; };
		DA0764C329B6152800C96283 /* FruitDetailView.swift in Sources */ = {isa = PBXBuildFile; fileRef = DA0764C229B6152800C96283 /* FruitDetailView.swift */; };
		DA0764C529B6187A00C96283 /* FruitHeaderView.swift in Sources */ = {isa = PBXBuildFile; fileRef = DA0764C429B6187A00C96283 /* FruitHeaderView.swift */; };
		DA0764C729B61A6D00C96283 /* SourceLinkView.swift in Sources */ = {isa = PBXBuildFile; fileRef = DA0764C629B61A6D00C96283 /* SourceLinkView.swift */; };
/* End PBXBuildFile section */

/* Begin PBXFileReference section */
		DA0764A129B5FA3200C96283 /* Fruits.app */ = {isa = PBXFileReference; explicitFileType = wrapper.application; includeInIndex = 0; path = Fruits.app; sourceTree = BUILT_PRODUCTS_DIR; };
		DA0764A429B5FA3200C96283 /* FruitsApp.swift */ = {isa = PBXFileReference; lastKnownFileType = sourcecode.swift; path = FruitsApp.swift; sourceTree = "<group>"; };
		DA0764A629B5FA3200C96283 /* ContentView.swift */ = {isa = PBXFileReference; lastKnownFileType = sourcecode.swift; path = ContentView.swift; sourceTree = "<group>"; };
		DA0764A829B5FA3500C96283 /* Assets.xcassets */ = {isa = PBXFileReference; lastKnownFileType = folder.assetcatalog; path = Assets.xcassets; sourceTree = "<group>"; };
		DA0764AB29B5FA3500C96283 /* Preview Assets.xcassets */ = {isa = PBXFileReference; lastKnownFileType = folder.assetcatalog; path = "Preview Assets.xcassets"; sourceTree = "<group>"; };
		DA0764B429B5FF7A00C96283 /* FruitCardView.swift */ = {isa = PBXFileReference; lastKnownFileType = sourcecode.swift; path = FruitCardView.swift; sourceTree = "<group>"; };
		DA0764B629B603A600C96283 /* StartButtonView.swift */ = {isa = PBXFileReference; lastKnownFileType = sourcecode.swift; path = StartButtonView.swift; sourceTree = "<group>"; };
		DA0764B829B6072900C96283 /* OnboardingView.swift */ = {isa = PBXFileReference; lastKnownFileType = sourcecode.swift; path = OnboardingView.swift; sourceTree = "<group>"; };
		DA0764BB29B608BB00C96283 /* FruitModel.swift */ = {isa = PBXFileReference; lastKnownFileType = sourcecode.swift; path = FruitModel.swift; sourceTree = "<group>"; };
		DA0764BE29B6099F00C96283 /* FruitData.swift */ = {isa = PBXFileReference; lastKnownFileType = sourcecode.swift; path = FruitData.swift; sourceTree = "<group>"; };
		DA0764C029B6116000C96283 /* FruitRowView.swift */ = {isa = PBXFileReference; lastKnownFileType = sourcecode.swift; path = FruitRowView.swift; sourceTree = "<group>"; };
		DA0764C229B6152800C96283 /* FruitDetailView.swift */ = {isa = PBXFileReference; lastKnownFileType = sourcecode.swift; path = FruitDetailView.swift; sourceTree = "<group>"; };
		DA0764C429B6187A00C96283 /* FruitHeaderView.swift */ = {isa = PBXFileReference; lastKnownFileType = sourcecode.swift; path = FruitHeaderView.swift; sourceTree = "<group>"; };
		DA0764C629B61A6D00C96283 /* SourceLinkView.swift */ = {isa = PBXFileReference; lastKnownFileType = sourcecode.swift; path = SourceLinkView.swift; sourceTree = "<group>"; };
/* End PBXFileReference section */

/* Begin PBXFrameworksBuildPhase section */
		DA07649E29B5FA3200C96283 /* Frameworks */ = {
			isa = PBXFrameworksBuildPhase;
			buildActionMask = 2147483647;
			files = (
			);
			runOnlyForDeploymentPostprocessing = 0;
		};
/* End PBXFrameworksBuildPhase section */

/* Begin PBXGroup section */
		DA07649829B5FA3200C96283 = {
			isa = PBXGroup;
			children = (
				DA0764A329B5FA3200C96283 /* Fruits */,
				DA0764A229B5FA3200C96283 /* Products */,
			);
			sourceTree = "<group>";
		};
		DA0764A229B5FA3200C96283 /* Products */ = {
			isa = PBXGroup;
			children = (
				DA0764A129B5FA3200C96283 /* Fruits.app */,
			);
			name = Products;
			sourceTree = "<group>";
		};
		DA0764A329B5FA3200C96283 /* Fruits */ = {
			isa = PBXGroup;
			children = (
				DA0764B229B5FF1B00C96283 /* App */,
				DA0764B329B5FF4F00C96283 /* View */,
				DA0764BD29B6098C00C96283 /* Data */,
				DA0764BA29B608A400C96283 /* Model */,
				DA0764A829B5FA3500C96283 /* Assets.xcassets */,
				DA0764AA29B5FA3500C96283 /* Preview Content */,
			);
			path = Fruits;
			sourceTree = "<group>";
		};
		DA0764AA29B5FA3500C96283 /* Preview Content */ = {
			isa = PBXGroup;
			children = (
				DA0764AB29B5FA3500C96283 /* Preview Assets.xcassets */,
			);
			path = "Preview Content";
			sourceTree = "<group>";
		};
		DA0764B229B5FF1B00C96283 /* App */ = {
			isa = PBXGroup;
			children = (
				DA0764A429B5FA3200C96283 /* FruitsApp.swift */,
				DA0764A629B5FA3200C96283 /* ContentView.swift */,
				DA0764B829B6072900C96283 /* OnboardingView.swift */,
				DA0764C229B6152800C96283 /* FruitDetailView.swift */,
			);
			path = App;
			sourceTree = "<group>";
		};
		DA0764B329B5FF4F00C96283 /* View */ = {
			isa = PBXGroup;
			children = (
				DA0764B429B5FF7A00C96283 /* FruitCardView.swift */,
				DA0764B629B603A600C96283 /* StartButtonView.swift */,
				DA0764C029B6116000C96283 /* FruitRowView.swift */,
				DA0764C429B6187A00C96283 /* FruitHeaderView.swift */,
				DA0764C629B61A6D00C96283 /* SourceLinkView.swift */,
			);
			path = View;
			sourceTree = "<group>";
		};
		DA0764BA29B608A400C96283 /* Model */ = {
			isa = PBXGroup;
			children = (
				DA0764BB29B608BB00C96283 /* FruitModel.swift */,
			);
			path = Model;
			sourceTree = "<group>";
		};
		DA0764BD29B6098C00C96283 /* Data */ = {
			isa = PBXGroup;
			children = (
				DA0764BE29B6099F00C96283 /* FruitData.swift */,
			);
			path = Data;
			sourceTree = "<group>";
		};
/* End PBXGroup section */

/* Begin PBXNativeTarget section */
		DA0764A029B5FA3200C96283 /* Fruits */ = {
			isa = PBXNativeTarget;
			buildConfigurationList = DA0764AF29B5FA3500C96283 /* Build configuration list for PBXNativeTarget "Fruits" */;
			buildPhases = (
				DA07649D29B5FA3200C96283 /* Sources */,
				DA07649E29B5FA3200C96283 /* Frameworks */,
				DA07649F29B5FA3200C96283 /* Resources */,
			);
			buildRules = (
			);
			dependencies = (
			);
			name = Fruits;
			productName = Fruits;
			productReference = DA0764A129B5FA3200C96283 /* Fruits.app */;
			productType = "com.apple.product-type.application";
		};
/* End PBXNativeTarget section */

/* Begin PBXProject section */
		DA07649929B5FA3200C96283 /* Project object */ = {
			isa = PBXProject;
			attributes = {
				BuildIndependentTargetsInParallel = 1;
				LastSwiftUpdateCheck = 1420;
				LastUpgradeCheck = 1420;
				TargetAttributes = {
					DA0764A029B5FA3200C96283 = {
						CreatedOnToolsVersion = 14.2;
					};
				};
			};
			buildConfigurationList = DA07649C29B5FA3200C96283 /* Build configuration list for PBXProject "Fruits" */;
			compatibilityVersion = "Xcode 14.0";
			developmentRegion = en;
			hasScannedForEncodings = 0;
			knownRegions = (
				en,
				Base,
			);
			mainGroup = DA07649829B5FA3200C96283;
			productRefGroup = DA0764A229B5FA3200C96283 /* Products */;
			projectDirPath = "";
			projectRoot = "";
			targets = (
				DA0764A029B5FA3200C96283 /* Fruits */,
			);
		};
/* End PBXProject section */

/* Begin PBXResourcesBuildPhase section */
		DA07649F29B5FA3200C96283 /* Resources */ = {
			isa = PBXResourcesBuildPhase;
			buildActionMask = 2147483647;
			files = (
				DA0764AC29B5FA3500C96283 /* Preview Assets.xcassets in Resources */,
				DA0764A929B5FA3500C96283 /* Assets.xcassets in Resources */,
			);
			runOnlyForDeploymentPostprocessing = 0;
		};
/* End PBXResourcesBuildPhase section */

/* Begin PBXSourcesBuildPhase section */
		DA07649D29B5FA3200C96283 /* Sources */ = {
			isa = PBXSourcesBuildPhase;
			buildActionMask = 2147483647;
			files = (
				DA0764BF29B6099F00C96283 /* FruitData.swift in Sources */,
				DA0764C729B61A6D00C96283 /* SourceLinkView.swift in Sources */,
				DA0764B529B5FF7A00C96283 /* FruitCardView.swift in Sources */,
				DA0764C129B6116000C96283 /* FruitRowView.swift in Sources */,
				DA0764B729B603A600C96283 /* StartButtonView.swift in Sources */,
				DA0764C329B6152800C96283 /* FruitDetailView.swift in Sources */,
				DA0764A729B5FA3200C96283 /* ContentView.swift in Sources */,
				DA0764C529B6187A00C96283 /* FruitHeaderView.swift in Sources */,
				DA0764B929B6072900C96283 /* OnboardingView.swift in Sources */,
				DA0764BC29B608BB00C96283 /* FruitModel.swift in Sources */,
				DA0764A529B5FA3200C96283 /* FruitsApp.swift in Sources */,
			);
			runOnlyForDeploymentPostprocessing = 0;
		};
/* End PBXSourcesBuildPhase section */

/* Begin XCBuildConfiguration section */
		DA0764AD29B5FA3500C96283 /* Debug */ = {
			isa = XCBuildConfiguration;
			buildSettings = {
				ALWAYS_SEARCH_USER_PATHS = NO;
				CLANG_ANALYZER_NONNULL = YES;
				CLANG_ANALYZER_NUMBER_OBJECT_CONVERSION = YES_AGGRESSIVE;
				CLANG_CXX_LANGUAGE_STANDARD = "gnu++20";
				CLANG_ENABLE_MODULES = YES;
				CLANG_ENABLE_OBJC_ARC = YES;
				CLANG_ENABLE_OBJC_WEAK = YES;
				CLANG_WARN_BLOCK_CAPTURE_AUTORELEASING = YES;
				CLANG_WARN_BOOL_CONVERSION = YES;
				CLANG_WARN_COMMA = YES;
				CLANG_WARN_CONSTANT_CONVERSION = YES;
				CLANG_WARN_DEPRECATED_OBJC_IMPLEMENTATIONS = YES;
				CLANG_WARN_DIRECT_OBJC_ISA_USAGE = YES_ERROR;
				CLANG_WARN_DOCUMENTATION_COMMENTS = YES;
				CLANG_WARN_EMPTY_BODY = YES;
				CLANG_WARN_ENUM_CONVERSION = YES;
				CLANG_WARN_INFINITE_RECURSION = YES;
				CLANG_WARN_INT_CONVERSION = YES;
				CLANG_WARN_NON_LITERAL_NULL_CONVERSION = YES;
				CLANG_WARN_OBJC_IMPLICIT_RETAIN_SELF = YES;
				CLANG_WARN_OBJC_LITERAL_CONVERSION = YES;
				CLANG_WARN_OBJC_ROOT_CLASS = YES_ERROR;
				CLANG_WARN_QUOTED_INCLUDE_IN_FRAMEWORK_HEADER = YES;
				CLANG_WARN_RANGE_LOOP_ANALYSIS = YES;
				CLANG_WARN_STRICT_PROTOTYPES = YES;
				CLANG_WARN_SUSPICIOUS_MOVE = YES;
				CLANG_WARN_UNGUARDED_AVAILABILITY = YES_AGGRESSIVE;
				CLANG_WARN_UNREACHABLE_CODE = YES;
				CLANG_WARN__DUPLICATE_METHOD_MATCH = YES;
				COPY_PHASE_STRIP = NO;
				DEBUG_INFORMATION_FORMAT = dwarf;
				ENABLE_STRICT_OBJC_MSGSEND = YES;
				ENABLE_TESTABILITY = YES;
				GCC_C_LANGUAGE_STANDARD = gnu11;
				GCC_DYNAMIC_NO_PIC = NO;
				GCC_NO_COMMON_BLOCKS = YES;
				GCC_OPTIMIZATION_LEVEL = 0;
				GCC_PREPROCESSOR_DEFINITIONS = (
					"DEBUG=1",
					"$(inherited)",
				);
				GCC_WARN_64_TO_32_BIT_CONVERSION = YES;
				GCC_WARN_ABOUT_RETURN_TYPE = YES_ERROR;
				GCC_WARN_UNDECLARED_SELECTOR = YES;
				GCC_WARN_UNINITIALIZED_AUTOS = YES_AGGRESSIVE;
				GCC_WARN_UNUSED_FUNCTION = YES;
				GCC_WARN_UNUSED_VARIABLE = YES;
				IPHONEOS_DEPLOYMENT_TARGET = 16.2;
				MTL_ENABLE_DEBUG_INFO = INCLUDE_SOURCE;
				MTL_FAST_MATH = YES;
				ONLY_ACTIVE_ARCH = YES;
				SDKROOT = iphoneos;
				SWIFT_ACTIVE_COMPILATION_CONDITIONS = DEBUG;
				SWIFT_OPTIMIZATION_LEVEL = "-Onone";
			};
			name = Debug;
		};
		DA0764AE29B5FA3500C96283 /* Release */ = {
			isa = XCBuildConfiguration;
			buildSettings = {
				ALWAYS_SEARCH_USER_PATHS = NO;
				CLANG_ANALYZER_NONNULL = YES;
				CLANG_ANALYZER_NUMBER_OBJECT_CONVERSION = YES_AGGRESSIVE;
				CLANG_CXX_LANGUAGE_STANDARD = "gnu++20";
				CLANG_ENABLE_MODULES = YES;
				CLANG_ENABLE_OBJC_ARC = YES;
				CLANG_ENABLE_OBJC_WEAK = YES;
				CLANG_WARN_BLOCK_CAPTURE_AUTORELEASING = YES;
				CLANG_WARN_BOOL_CONVERSION = YES;
				CLANG_WARN_COMMA = YES;
				CLANG_WARN_CONSTANT_CONVERSION = YES;
				CLANG_WARN_DEPRECATED_OBJC_IMPLEMENTATIONS = YES;
				CLANG_WARN_DIRECT_OBJC_ISA_USAGE = YES_ERROR;
				CLANG_WARN_DOCUMENTATION_COMMENTS = YES;
				CLANG_WARN_EMPTY_BODY = YES;
				CLANG_WARN_ENUM_CONVERSION = YES;
				CLANG_WARN_INFINITE_RECURSION = YES;
				CLANG_WARN_INT_CONVERSION = YES;
				CLANG_WARN_NON_LITERAL_NULL_CONVERSION = YES;
				CLANG_WARN_OBJC_IMPLICIT_RETAIN_SELF = YES;
				CLANG_WARN_OBJC_LITERAL_CONVERSION = YES;
				CLANG_WARN_OBJC_ROOT_CLASS = YES_ERROR;
				CLANG_WARN_QUOTED_INCLUDE_IN_FRAMEWORK_HEADER = YES;
				CLANG_WARN_RANGE_LOOP_ANALYSIS = YES;
				CLANG_WARN_STRICT_PROTOTYPES = YES;
				CLANG_WARN_SUSPICIOUS_MOVE = YES;
				CLANG_WARN_UNGUARDED_AVAILABILITY = YES_AGGRESSIVE;
				CLANG_WARN_UNREACHABLE_CODE = YES;
				CLANG_WARN__DUPLICATE_METHOD_MATCH = YES;
				COPY_PHASE_STRIP = NO;
				DEBUG_INFORMATION_FORMAT = "dwarf-with-dsym";
				ENABLE_NS_ASSERTIONS = NO;
				ENABLE_STRICT_OBJC_MSGSEND = YES;
				GCC_C_LANGUAGE_STANDARD = gnu11;
				GCC_NO_COMMON_BLOCKS = YES;
				GCC_WARN_64_TO_32_BIT_CONVERSION = YES;
				GCC_WARN_ABOUT_RETURN_TYPE = YES_ERROR;
				GCC_WARN_UNDECLARED_SELECTOR = YES;
				GCC_WARN_UNINITIALIZED_AUTOS = YES_AGGRESSIVE;
				GCC_WARN_UNUSED_FUNCTION = YES;
				GCC_WARN_UNUSED_VARIABLE = YES;
				IPHONEOS_DEPLOYMENT_TARGET = 16.2;
				MTL_ENABLE_DEBUG_INFO = NO;
				MTL_FAST_MATH = YES;
				SDKROOT = iphoneos;
				SWIFT_COMPILATION_MODE = wholemodule;
				SWIFT_OPTIMIZATION_LEVEL = "-O";
				VALIDATE_PRODUCT = YES;
			};
			name = Release;
		};
		DA0764B029B5FA3500C96283 /* Debug */ = {
			isa = XCBuildConfiguration;
			buildSettings = {
				ASSETCATALOG_COMPILER_APPICON_NAME = AppIcon;
				ASSETCATALOG_COMPILER_GLOBAL_ACCENT_COLOR_NAME = AccentColor;
				CODE_SIGN_STYLE = Automatic;
				CURRENT_PROJECT_VERSION = 1;
				DEVELOPMENT_ASSET_PATHS = "\"Fruits/Preview Content\"";
				DEVELOPMENT_TEAM = M4Z9846KT7;
				ENABLE_PREVIEWS = YES;
				GENERATE_INFOPLIST_FILE = YES;
				INFOPLIST_KEY_UIApplicationSceneManifest_Generation = YES;
				INFOPLIST_KEY_UIApplicationSupportsIndirectInputEvents = YES;
				INFOPLIST_KEY_UILaunchScreen_Generation = YES;
				INFOPLIST_KEY_UISupportedInterfaceOrientations = UIInterfaceOrientationPortrait;
				LD_RUNPATH_SEARCH_PATHS = (
					"$(inherited)",
					"@executable_path/Frameworks",
				);
				MARKETING_VERSION = 1.0;
				PRODUCT_BUNDLE_IDENTIFIER = jcrsdc.Fruits;
				PRODUCT_NAME = "$(TARGET_NAME)";
				SUPPORTED_PLATFORMS = "iphoneos iphonesimulator";
				SUPPORTS_MACCATALYST = NO;
				SUPPORTS_MAC_DESIGNED_FOR_IPHONE_IPAD = NO;
				SWIFT_EMIT_LOC_STRINGS = YES;
				SWIFT_VERSION = 5.0;
				TARGETED_DEVICE_FAMILY = "1,2";
			};
			name = Debug;
		};
		DA0764B129B5FA3500C96283 /* Release */ = {
			isa = XCBuildConfiguration;
			buildSettings = {
				ASSETCATALOG_COMPILER_APPICON_NAME = AppIcon;
				ASSETCATALOG_COMPILER_GLOBAL_ACCENT_COLOR_NAME = AccentColor;
				CODE_SIGN_STYLE = Automatic;
				CURRENT_PROJECT_VERSION = 1;
				DEVELOPMENT_ASSET_PATHS = "\"Fruits/Preview Content\"";
				DEVELOPMENT_TEAM = M4Z9846KT7;
				ENABLE_PREVIEWS = YES;
				GENERATE_INFOPLIST_FILE = YES;
				INFOPLIST_KEY_UIApplicationSceneManifest_Generation = YES;
				INFOPLIST_KEY_UIApplicationSupportsIndirectInputEvents = YES;
				INFOPLIST_KEY_UILaunchScreen_Generation = YES;
				INFOPLIST_KEY_UISupportedInterfaceOrientations = UIInterfaceOrientationPortrait;
				LD_RUNPATH_SEARCH_PATHS = (
					"$(inherited)",
					"@executable_path/Frameworks",
				);
				MARKETING_VERSION = 1.0;
				PRODUCT_BUNDLE_IDENTIFIER = jcrsdc.Fruits;
				PRODUCT_NAME = "$(TARGET_NAME)";
				SUPPORTED_PLATFORMS = "iphoneos iphonesimulator";
				SUPPORTS_MACCATALYST = NO;
				SUPPORTS_MAC_DESIGNED_FOR_IPHONE_IPAD = NO;
				SWIFT_EMIT_LOC_STRINGS = YES;
				SWIFT_VERSION = 5.0;
				TARGETED_DEVICE_FAMILY = "1,2";
			};
			name = Release;
		};
/* End XCBuildConfiguration section */

/* Begin XCConfigurationList section */
		DA07649C29B5FA3200C96283 /* Build configuration list for PBXProject "Fruits" */ = {
			isa = XCConfigurationList;
			buildConfigurations = (
				DA0764AD29B5FA3500C96283 /* Debug */,
				DA0764AE29B5FA3500C96283 /* Release */,
			);
			defaultConfigurationIsVisible = 0;
			defaultConfigurationName = Release;
		};
		DA0764AF29B5FA3500C96283 /* Build configuration list for PBXNativeTarget "Fruits" */ = {
			isa = XCConfigurationList;
			buildConfigurations = (
				DA0764B029B5FA3500C96283 /* Debug */,
				DA0764B129B5FA3500C96283 /* Release */,
			);
			defaultConfigurationIsVisible = 0;
			defaultConfigurationName = Release;
		};
/* End XCConfigurationList section */
	};
	rootObject = DA07649929B5FA3200C96283 /* Project object */;
}
